{
  "name": "remote-agents",
  "lockfileVersion": 3,
  "requires": true,
  "packages": {
    "": {
      "dependencies": {
        "@scottzx/remote-agents": "^20260525.1.0"
      }
    },
    "node_modules/@scottzx/remote-agents": {
      "version": "20260525.1.0",
      "resolved": "https://registry.npmmirror.com/@scottzx/remote-agents/-/remote-agents-20260525.1.0.tgz",
      "integrity": "sha512-Ylv1nN1tJH+IX2TB55ryOerIw02T+BOB0ZpJw/OACmPmL/2B2kadVFVxrtfeG3MpmZsNkMlzz4Rsf52pDbwVaQ==",
      "hasInstallScript": true,
      "license": "MIT",
      "bin": {
        "remote-agents": "run.js"
      },
      "engines": {
        "node": ">=22"
      }
    }
  }
}
